
Microsoft Visual Studio Solution File, Format Version 12.00
# Visual Studio Version 17
VisualStudioVersion = 17.4.33213.308
MinimumVisualStudioVersion = 10.0.40219.1
Project("{FAE04EC0-301F-11D3-BF4B-00C04F79EFBC}") = "Week7Functions", "Week7Functions\Week7Functions.csproj", "{F2E4FEC2-1215-451C-A379-FBD8AD43A6EB}"
EndProject
Project("{FAE04EC0-301F-11D3-BF4B-00C04F79EFBC}") = "ArgumentsAndParameters", "ArgumentsAndParameters\ArgumentsAndParameters.csproj", "{F92ED8CA-DC80-46CC-9C77-E544859A4174}"
EndProject
Project("{FAE04EC0-301F-11D3-BF4B-00C04F79EFBC}") = "Calculator", "Calculator\Calculator.csproj", "{834877F0-978B-4FDA-861D-C8757A3D1DE1}"
EndProject
Project("{FAE04EC0-301F-11D3-BF4B-00C04F79EFBC}") = "DiscountCalculator", "DiscountCalculator\DiscountCalculator.csproj", "{2C2BE89A-512F-4CCC-89A1-BF7E54118C5C}"
EndProject
Global
	GlobalSection(SolutionConfigurationPlatforms) = preSolution
		Debug|Any CPU = Debug|Any CPU
		Release|Any CPU = Release|Any CPU
	EndGlobalSection
	GlobalSection(ProjectConfigurationPlatforms) = postSolution
		{F2E4FEC2-1215-451C-A379-FBD8AD43A6EB}.Debug|Any CPU.ActiveCfg = Debug|Any CPU
		{F2E4FEC2-1215-451C-A379-FBD8AD43A6EB}.Debug|Any CPU.Build.0 = Debug|Any CPU
		{F2E4FEC2-1215-451C-A379-FBD8AD43A6EB}.Release|Any CPU.ActiveCfg = Release|Any CPU
		{F2E4FEC2-1215-451C-A379-FBD8AD43A6EB}.Release|Any CPU.Build.0 = Release|Any CPU
		{F92ED8CA-DC80-46CC-9C77-E544859A4174}.Debug|Any CPU.ActiveCfg = Debug|Any CPU
		{F92ED8CA-DC80-46CC-9C77-E544859A4174}.Debug|Any CPU.Build.0 = Debug|Any CPU
		{F92ED8CA-DC80-46CC-9C77-E544859A4174}.Release|Any CPU.ActiveCfg = Release|Any CPU
		{F92ED8CA-DC80-46CC-9C77-E544859A4174}.Release|Any CPU.Build.0 = Release|Any CPU
		{834877F0-978B-4FDA-861D-C8757A3D1DE1}.Debug|Any CPU.ActiveCfg = Debug|Any CPU
		{834877F0-978B-4FDA-861D-C8757A3D1DE1}.Debug|Any CPU.Build.0 = Debug|Any CPU
		{834877F0-978B-4FDA-861D-C8757A3D1DE1}.Release|Any CPU.ActiveCfg = Release|Any CPU
		{834877F0-978B-4FDA-861D-C8757A3D1DE1}.Release|Any CPU.Build.0 = Release|Any CPU
		{2C2BE89A-512F-4CCC-89A1-BF7E54118C5C}.Debug|Any CPU.ActiveCfg = Debug|Any CPU
		{2C2BE89A-512F-4CCC-89A1-BF7E54118C5C}.Debug|Any CPU.Build.0 = Debug|Any CPU
		{2C2BE89A-512F-4CCC-89A1-BF7E54118C5C}.Release|Any CPU.ActiveCfg = Release|Any CPU
		{2C2BE89A-512F-4CCC-89A1-BF7E54118C5C}.Release|Any CPU.Build.0 = Release|Any CPU
	EndGlobalSection
	GlobalSection(SolutionProperties) = preSolution
		HideSolutionNode = FALSE
	EndGlobalSection
	GlobalSection(ExtensibilityGlobals) = postSolution
		SolutionGuid = {CFD1CE73-2CDB-47D1-90FC-4F8B331E1166}
	EndGlobalSection
EndGlobal
